
Microsoft Visual Studio Solution File, Format Version 12.00
# Visual Studio Version 16
VisualStudioVersion = 16.0.31005.135
MinimumVisualStudioVersion = 10.0.40219.1
Project("{FAE04EC0-301F-11D3-BF4B-00C04F79EFBC}") = "AlgoritmsLesson6Task", "AlgoritmsLesson6Task\AlgoritmsLesson6Task.csproj", "{426A4955-D728-42E1-AFE2-653D39E3FA8F}"
EndProject
Global
	GlobalSection(SolutionConfigurationPlatforms) = preSolution
		Debug|Any CPU = Debug|Any CPU
		Release|Any CPU = Release|Any CPU
	EndGlobalSection
	GlobalSection(ProjectConfigurationPlatforms) = postSolution
		{426A4955-D728-42E1-AFE2-653D39E3FA8F}.Debug|Any CPU.ActiveCfg = Debug|Any CPU
		{426A4955-D728-42E1-AFE2-653D39E3FA8F}.Debug|Any CPU.Build.0 = Debug|Any CPU
		{426A4955-D728-42E1-AFE2-653D39E3FA8F}.Release|Any CPU.ActiveCfg = Release|Any CPU
		{426A4955-D728-42E1-AFE2-653D39E3FA8F}.Release|Any CPU.Build.0 = Release|Any CPU
	EndGlobalSection
	GlobalSection(SolutionProperties) = preSolution
		HideSolutionNode = FALSE
	EndGlobalSection
	GlobalSection(ExtensibilityGlobals) = postSolution
		SolutionGuid = {5CDF5245-B9A4-4152-BD09-C34A2F771F0D}
	EndGlobalSection
EndGlobal
